# This file is autogenerated, do not edit; changes may be undone by the next 'dep ensure'.


[[projects]]
  name = "github.com/faiface/beep"
  packages = [".","speaker","wav"]
  revision = "b573886bdf0f6ac1b8e7f8931a2a2b249c90666b"
  version = "v1.0.2"

[[projects]]
  name = "github.com/google/go-cmp"
  packages = ["cmp","cmp/internal/diff","cmp/internal/flags","cmp/internal/function","cmp/internal/value"]
  revision = "2d0692c2e9617365a95b295612ac0d4415ba4627"
  version = "v0.3.1"

[[projects]]
  name = "github.com/hajimehoshi/oto"
  packages = [".","internal/mux"]
  revision = "6298480de6b162e2991d49021291587e839ecac2"
  version = "v0.5.3"

[[projects]]
  name = "github.com/pelletier/go-toml"
  packages = ["."]
  revision = "903d9455db9ff1d7ac1ab199062eca7266dd11a3"
  version = "v1.6.0"

[[projects]]
  name = "github.com/pkg/errors"
  packages = ["."]
  revision = "ba968bfe8b2f7e042a574c888954fccecfa385b4"
  version = "v0.8.1"

[[projects]]
  branch = "master"
  name = "golang.org/x/exp"
  packages = ["shiny/driver/gldriver","shiny/driver/internal/drawer","shiny/driver/internal/errscreen","shiny/driver/internal/event","shiny/driver/internal/lifecycler","shiny/driver/internal/win32","shiny/driver/internal/x11key","shiny/screen"]
  revision = "a1ab85dbe136a36c66fbea07de5e3d62a0ce60ad"

[[projects]]
  branch = "master"
  name = "golang.org/x/image"
  packages = ["math/f64"]
  revision = "e7c1f5e7dbb87d8921928a6d9fc52fb31ce73b24"

[[projects]]
  branch = "master"
  name = "golang.org/x/mobile"
  packages = ["app","app/internal/callfn","event/key","event/lifecycle","event/mouse","event/paint","event/size","event/touch","geom","gl","internal/mobileinit"]
  revision = "d9e324ca8c38593082d55eaa6d38f02b32903c97"

[[projects]]
  branch = "master"
  name = "golang.org/x/sys"
  packages = ["windows"]
  revision = "e882bf8e40c23f260d489ef820e5e8eead5e76e3"

[solve-meta]
  analyzer-name = "dep"
  analyzer-version = 1
  inputs-digest = "a39db36ecaaf51d3e8426aa5117c6eb1a486acc3289d4077c6e984a676711123"
  solver-name = "gps-cdcl"
  solver-version = 1
